
Microsoft Visual Studio Solution File, Format Version 12.00
# Visual Studio Version 17
VisualStudioVersion = 17.8.34511.84
MinimumVisualStudioVersion = 10.0.40219.1
Project("{FAE04EC0-301F-11D3-BF4B-00C04F79EFBC}") = "HW2", "HW2.csproj", "{7D5F03A9-DDF9-4F7E-85B4-2DA30B66C999}"
EndProject
Project("{FAE04EC0-301F-11D3-BF4B-00C04F79EFBC}") = "HW2Tests", "..\HW2Tests\HW2Tests.csproj", "{8507DAAF-3113-45E5-9955-9F124C489193}"
EndProject
Global
	GlobalSection(SolutionConfigurationPlatforms) = preSolution
		Debug|Any CPU = Debug|Any CPU
		Release|Any CPU = Release|Any CPU
	EndGlobalSection
	GlobalSection(ProjectConfigurationPlatforms) = postSolution
		{7D5F03A9-DDF9-4F7E-85B4-2DA30B66C999}.Debug|Any CPU.ActiveCfg = Debug|Any CPU
		{7D5F03A9-DDF9-4F7E-85B4-2DA30B66C999}.Debug|Any CPU.Build.0 = Debug|Any CPU
		{7D5F03A9-DDF9-4F7E-85B4-2DA30B66C999}.Release|Any CPU.ActiveCfg = Release|Any CPU
		{7D5F03A9-DDF9-4F7E-85B4-2DA30B66C999}.Release|Any CPU.Build.0 = Release|Any CPU
		{8507DAAF-3113-45E5-9955-9F124C489193}.Debug|Any CPU.ActiveCfg = Debug|Any CPU
		{8507DAAF-3113-45E5-9955-9F124C489193}.Debug|Any CPU.Build.0 = Debug|Any CPU
		{8507DAAF-3113-45E5-9955-9F124C489193}.Release|Any CPU.ActiveCfg = Release|Any CPU
		{8507DAAF-3113-45E5-9955-9F124C489193}.Release|Any CPU.Build.0 = Release|Any CPU
	EndGlobalSection
	GlobalSection(SolutionProperties) = preSolution
		HideSolutionNode = FALSE
	EndGlobalSection
	GlobalSection(ExtensibilityGlobals) = postSolution
		SolutionGuid = {954BCBC0-36BC-4A39-AB90-EFBF0EA3160D}
	EndGlobalSection
EndGlobal
